<?xml version="1.0" encoding="utf-8"?>
<Project ToolsVersion="4.0" xmlns="http://schemas.microsoft.com/developer/msbuild/2003">
  <ItemGroup>
    <Filter Include="Source Files">
      <UniqueIdentifier>{4FC737F1-C7A5-4376-A066-2A32D752A2FF}</UniqueIdentifier>
      <Extensions>cpp;c;cc;cxx;c++;cppm;ixx;def;odl;idl;hpj;bat;asm;asmx</Extensions>
    </Filter>
    <Filter Include="Header Files">
      <UniqueIdentifier>{93995380-89BD-4b04-88EB-625FBE52EBFB}</UniqueIdentifier>
      <Extensions>h;hh;hpp;hxx;h++;hm;inl;inc;ipp;xsd</Extensions>
    </Filter>
    <Filter Include="Resource Files">
      <UniqueIdentifier>{67DA6AB6-F800-4c08-8B7A-83BB121AAD01}</UniqueIdentifier>
      <Extensions>rc;ico;cur;bmp;dlg;rc2;rct;bin;rgs;gif;jpg;jpeg;jpe;resx;tiff;tif;png;wav;mfcribbon-ms</Extensions>
    </Filter>
  </ItemGroup>
  <ItemGroup>
    <ClCompile Include="src\Engine\Application\Application.cpp">
      <Filter>Source Files</Filter>
    </ClCompile>
    <ClCompile Include="src\Engine\Math\VectorF.cpp">
      <Filter>Source Files</Filter>
    </ClCompile>
    <ClCompile Include="src\Engine\Math\Matrix4Fx4F.cpp">
      <Filter>Source Files</Filter>
    </ClCompile>
    <ClCompile Include="src\Engine\Math\QuaternionF.cpp">
      <Filter>Source Files</Filter>
    </ClCompile>
    <ClCompile Include="src\Engine\Math\PlaneF.cpp">
      <Filter>Source Files</Filter>
    </ClCompile>
    <ClCompile Include="src\Engine\Engine\Transform.cpp">
      <Filter>Source Files</Filter>
    </ClCompile>
    <ClCompile Include="src\Engine\Math\MathF.cpp">
      <Filter>Source Files</Filter>
    </ClCompile>
    <ClCompile Include="src\Engine\Engine\Object.cpp">
      <Filter>Source Files</Filter>
    </ClCompile>
    <ClCompile Include="src\PCH.cpp">
      <Filter>Source Files</Filter>
    </ClCompile>
    <ClCompile Include="src\Engine\Core\DataTypes\String.cpp">
      <Filter>Source Files</Filter>
    </ClCompile>
    <ClCompile Include="src\Engine\Exception.cpp">
      <Filter>Source Files</Filter>
    </ClCompile>
    <ClCompile Include="src\Engine\Engine\Layer.cpp">
      <Filter>Source Files</Filter>
    </ClCompile>
    <ClCompile Include="src\Engine\Engine\LayerStack.cpp">
      <Filter>Source Files</Filter>
    </ClCompile>
    <ClCompile Include="src\Engine\Engine\Event.cpp">
      <Filter>Source Files</Filter>
    </ClCompile>
    <ClCompile Include="src\Engine\Engine\EventDispatcher.cpp">
      <Filter>Source Files</Filter>
    </ClCompile>
    <ClCompile Include="src\Engine\Engine\ObjectUtility.cpp">
      <Filter>Source Files</Filter>
    </ClCompile>
    <ClCompile Include="src\Engine\GL\GL3.c">
      <Filter>Source Files</Filter>
    </ClCompile>
    <ClCompile Include="src\Engine\Application\Platform.cpp">
      <Filter>Source Files</Filter>
    </ClCompile>
    <ClCompile Include="src\Engine\Engine\Log.cpp">
      <Filter>Source Files</Filter>
    </ClCompile>
    <ClCompile Include="src\Engine\Timer.cpp">
      <Filter>Source Files</Filter>
    </ClCompile>
    <ClCompile Include="src\Engine\Engine\Tag.cpp">
      <Filter>Source Files</Filter>
    </ClCompile>
    <ClCompile Include="src\Engine\Math\TransformF.cpp">
      <Filter>Source Files</Filter>
    </ClCompile>
    <ClCompile Include="src\Engine\Math\AngleF.cpp">
      <Filter>Source Files</Filter>
    </ClCompile>
    <ClCompile Include="src\Engine\Exceptions\ApplicationException.cpp">
      <Filter>Source Files</Filter>
    </ClCompile>
    <ClCompile Include="src\Engine\Application\Platform.GraphicsDevice.cpp">
      <Filter>Source Files</Filter>
    </ClCompile>
    <ClCompile Include="src\Engine\Application\SDL.cpp">
      <Filter>Source Files</Filter>
    </ClCompile>
    <ClCompile Include="src\Engine\Engine\Graphics\Shader.cpp">
      <Filter>Source Files</Filter>
    </ClCompile>
    <ClCompile Include="src\Engine\Engine\Graphics\IndexBuffer.cpp">
      <Filter>Source Files</Filter>
    </ClCompile>
    <ClCompile Include="src\Engine\Engine\Graphics\VertexBuffer.cpp">
      <Filter>Source Files</Filter>
    </ClCompile>
    <ClCompile Include="src\Engine\Engine\Graphics\API\GL\Engine.Graphics.API.GL.IndexBuffer.cpp">
      <Filter>Source Files</Filter>
    </ClCompile>
    <ClCompile Include="src\Engine\Engine\Graphics\API\GL\Engine.Graphics.API.GL.Shader.cpp">
      <Filter>Source Files</Filter>
    </ClCompile>
    <ClCompile Include="src\Engine\Engine\Graphics\API\GL\Engine.Graphics.API.GL.VertexBuffer.cpp">
      <Filter>Source Files</Filter>
    </ClCompile>
    <ClCompile Include="src\Engine\Engine\Graphics\GraphicsSettings.cpp">
      <Filter>Source Files</Filter>
    </ClCompile>
    <ClCompile Include="src\Engine\Engine\Graphics\API\GL\Engine.Graphics.API.GL.FrameBuffer.cpp" />
    <ClCompile Include="src\Engine\Engine\Graphics\API\GL\Engine.Graphics.API.GL.Texture.cpp">
      <Filter>Source Files</Filter>
    </ClCompile>
    <ClCompile Include="src\Engine\Engine\Graphics\API\GL\Engine.Graphics.API.GL.Texture2D.cpp">
      <Filter>Source Files</Filter>
    </ClCompile>
    <ClCompile Include="src\Engine\Engine\Graphics\FrameBufer.cpp">
      <Filter>Source Files</Filter>
    </ClCompile>
    <ClCompile Include="src\Engine\Engine\Graphics\Texture.cpp">
      <Filter>Source Files</Filter>
    </ClCompile>
    <ClCompile Include="src\Engine\Engine\Graphics\Texture2D.cpp">
      <Filter>Source Files</Filter>
    </ClCompile>
    <ClCompile Include="src\Engine\Engine\Graphics\Vertex.cpp">
      <Filter>Source Files</Filter>
    </ClCompile>
    <ClCompile Include="src\Engine\Engine\Graphics\VertexInputLayout.cpp">
      <Filter>Source Files</Filter>
    </ClCompile>
    <ClCompile Include="src\Engine\Engine\Graphics\Material.cpp">
      <Filter>Source Files</Filter>
    </ClCompile>
    <ClCompile Include="src\Engine\Point.cpp">
      <Filter>Source Files</Filter>
    </ClCompile>
    <ClCompile Include="src\Engine\Rectangle.cpp">
      <Filter>Source Files</Filter>
    </ClCompile>
    <ClCompile Include="src\Engine\Engine\Graphics\API\GL\Engine.Graphics.API.GL.DynamicIndexBuffer.cpp">
      <Filter>Source Files</Filter>
    </ClCompile>
    <ClCompile Include="src\Engine\Engine\Graphics\API\GL\Engine.Graphics.API.GL.DynamicVertexBuffer.cpp">
      <Filter>Source Files</Filter>
    </ClCompile>
    <ClCompile Include="src\Engine\Engine\Graphics\DynamicVertexBuffer.cpp">
      <Filter>Source Files</Filter>
    </ClCompile>
    <ClCompile Include="src\Engine\Engine\Graphics\DynamicIndexBuffer.cpp">
      <Filter>Source Files</Filter>
    </ClCompile>
    <ClCompile Include="src\Engine\Core\DataTypes\Int32.cpp">
      <Filter>Source Files</Filter>
    </ClCompile>
    <ClCompile Include="src\Engine\Core\DataTypes\IntPtr.cpp">
      <Filter>Source Files</Filter>
    </ClCompile>
    <ClCompile Include="src\Engine\Core\DataTypes\UIntPtr.cpp">
      <Filter>Source Files</Filter>
    </ClCompile>
    <ClCompile Include="src\Engine\Core\DataTypes\Int16.cpp">
      <Filter>Source Files</Filter>
    </ClCompile>
    <ClCompile Include="src\Engine\Core\DataTypes\Byte.cpp">
      <Filter>Source Files</Filter>
    </ClCompile>
    <ClCompile Include="src\Engine\Core\DataTypes\SByte.cpp">
      <Filter>Source Files</Filter>
    </ClCompile>
    <ClCompile Include="src\Engine\Core\DataTypes\Int64.cpp">
      <Filter>Source Files</Filter>
    </ClCompile>
    <ClCompile Include="src\Engine\Core\DataTypes\UInt16.cpp">
      <Filter>Source Files</Filter>
    </ClCompile>
    <ClCompile Include="src\Engine\Core\DataTypes\UInt32.cpp">
      <Filter>Source Files</Filter>
    </ClCompile>
    <ClCompile Include="src\Engine\Core\DataTypes\UInt64.cpp">
      <Filter>Source Files</Filter>
    </ClCompile>
    <ClCompile Include="src\Engine\Core\DataTypes\Char.cpp">
      <Filter>Source Files</Filter>
    </ClCompile>
    <ClCompile Include="src\Engine\Core\DataTypes\VoidPtr.cpp">
      <Filter>Source Files</Filter>
    </ClCompile>
    <ClCompile Include="src\Engine\Core\DataTypes\Boolean.cpp">
      <Filter>Source Files</Filter>
    </ClCompile>
    <ClCompile Include="src\Engine\Core\DataTypes\DataType.cpp">
      <Filter>Source Files</Filter>
    </ClCompile>
    <ClCompile Include="src\Engine\Core\DataTypes\Void.cpp">
      <Filter>Source Files</Filter>
    </ClCompile>
    <ClCompile Include="src\Engine\Engine\Component.cpp">
      <Filter>Source Files</Filter>
    </ClCompile>
    <ClCompile Include="src\Engine\Engine\Actor.cpp">
      <Filter>Source Files</Filter>
    </ClCompile>
    <ClCompile Include="src\Engine\Engine\Graphics\Mesh.cpp">
      <Filter>Source Files</Filter>
    </ClCompile>
    <ClCompile Include="src\Engine\Engine\Components\Camera.cpp">
      <Filter>Source Files</Filter>
    </ClCompile>
    <ClCompile Include="src\Engine\Engine\Graphics\Light.cpp">
      <Filter>Source Files</Filter>
    </ClCompile>
    <ClCompile Include="src\Engine\Engine\Graphics\DirectionalLight.cpp">
      <Filter>Source Files</Filter>
    </ClCompile>
    <ClCompile Include="src\Engine\Math\EulerAngleF.cpp">
      <Filter>Source Files</Filter>
    </ClCompile>
    <ClCompile Include="src\Engine\Engine\Components\Behavior.cpp">
      <Filter>Source Files</Filter>
    </ClCompile>
    <ClCompile Include="src\Engine\Engine\SceneGraph.cpp">
      <Filter>Source Files</Filter>
    </ClCompile>
    <ClCompile Include="src\Engine\Engine\Scene.cpp">
      <Filter>Source Files</Filter>
    </ClCompile>
    <ClCompile Include="src\Engine\Engine\Script.cpp">
      <Filter>Source Files</Filter>
    </ClCompile>
    <ClCompile Include="src\Engine\Engine\Components\Input.cpp">
      <Filter>Source Files</Filter>
    </ClCompile>
  </ItemGroup>
  <ItemGroup>
    <ClInclude Include="include\Engine\Application\Application.h">
      <Filter>Header Files</Filter>
    </ClInclude>
    <ClInclude Include="include\Engine\CompilerDefs.h">
      <Filter>Header Files</Filter>
    </ClInclude>
    <ClInclude Include="include\Engine\CoreDefs.h">
      <Filter>Header Files</Filter>
    </ClInclude>
    <ClInclude Include="include\Engine\Math\Matrix4Fx4F.h">
      <Filter>Header Files</Filter>
    </ClInclude>
    <ClInclude Include="include\Engine\Math\QuaternionF.h">
      <Filter>Header Files</Filter>
    </ClInclude>
    <ClInclude Include="include\Engine\Math\PlaneF.h">
      <Filter>Header Files</Filter>
    </ClInclude>
    <ClInclude Include="include\Engine\Engine\Transform.h">
      <Filter>Header Files</Filter>
    </ClInclude>
    <ClInclude Include="include\Engine\Math\MathF.h">
      <Filter>Header Files</Filter>
    </ClInclude>
    <ClInclude Include="include\Engine\Engine\Object.h">
      <Filter>Header Files</Filter>
    </ClInclude>
    <ClInclude Include="include\Engine\Math\VectorF.h">
      <Filter>Header Files</Filter>
    </ClInclude>
    <ClInclude Include="include\Engine\Core\DataTypes\String.h">
      <Filter>Header Files</Filter>
    </ClInclude>
    <ClInclude Include="include\Engine\Exception.h">
      <Filter>Source Files</Filter>
    </ClInclude>
    <ClInclude Include="include\Engine\Engine\LayerStack.h">
      <Filter>Header Files</Filter>
    </ClInclude>
    <ClInclude Include="include\Engine\Engine\Layer.h">
      <Filter>Header Files</Filter>
    </ClInclude>
    <ClInclude Include="include\Engine\Engine\Event.h">
      <Filter>Header Files</Filter>
    </ClInclude>
    <ClInclude Include="include\Engine\Engine\EventDispatcher.h">
      <Filter>Header Files</Filter>
    </ClInclude>
    <ClInclude Include="include\Engine\Engine\ObjectUtility.h">
      <Filter>Header Files</Filter>
    </ClInclude>
    <ClInclude Include="include\Engine\GL\KHRPlatform.h">
      <Filter>Header Files</Filter>
    </ClInclude>
    <ClInclude Include="include\Engine\GL\GL3.h">
      <Filter>Header Files</Filter>
    </ClInclude>
    <ClInclude Include="include\Engine\Engine\Log.h">
      <Filter>Header Files</Filter>
    </ClInclude>
    <ClInclude Include="src\Engine\Application\SDL.h">
      <Filter>Header Files</Filter>
    </ClInclude>
    <ClInclude Include="include\Engine\Engine\Timestep.h">
      <Filter>Header Files</Filter>
    </ClInclude>
    <ClInclude Include="include\Engine\Timer.h">
      <Filter>Header Files</Filter>
    </ClInclude>
    <ClInclude Include="include\Engine\Application\Types.h">
      <Filter>Header Files</Filter>
    </ClInclude>
    <ClInclude Include="include\Engine\Engine\Tag.h">
      <Filter>Header Files</Filter>
    </ClInclude>
    <ClInclude Include="include\Engine\Math\TransformF.h">
      <Filter>Header Files</Filter>
    </ClInclude>
    <ClInclude Include="include\Engine\Math\ColorF.h">
      <Filter>Header Files</Filter>
    </ClInclude>
    <ClInclude Include="include\Engine\Math\AngleF.h">
      <Filter>Header Files</Filter>
    </ClInclude>
    <ClInclude Include="include\Engine\Exceptions\ApplicationException.h">
      <Filter>Header Files</Filter>
    </ClInclude>
    <ClInclude Include="include\Engine\Core\Assertions.h">
      <Filter>Header Files</Filter>
    </ClInclude>
    <ClInclude Include="include\Engine\Application\PlatformGraphics.h">
      <Filter>Header Files</Filter>
    </ClInclude>
    <ClInclude Include="include\Engine\Engine\Graphics\Shader.h">
      <Filter>Header Files</Filter>
    </ClInclude>
    <ClInclude Include="include\Engine\Engine\Graphics\VertexBuffer.h">
      <Filter>Header Files</Filter>
    </ClInclude>
    <ClInclude Include="include\Engine\Engine\Graphics\IndexBuffer.h">
      <Filter>Header Files</Filter>
    </ClInclude>
    <ClInclude Include="include\Engine\Engine\EngineCoreDefs.h">
      <Filter>Header Files</Filter>
    </ClInclude>
    <ClInclude Include="include\Engine\Engine\Graphics\API\GL\Engine.Graphics.API.GL.VertexBuffer.h">
      <Filter>Header Files</Filter>
    </ClInclude>
    <ClInclude Include="include\Engine\Engine\Graphics\API\GL\Engine.Graphics.API.GL.Shader.h">
      <Filter>Header Files</Filter>
    </ClInclude>
    <ClInclude Include="include\Engine\Engine\Graphics\API\GL\Engine.Graphics.API.GL.IndexBuffer.h">
      <Filter>Header Files</Filter>
    </ClInclude>
    <ClInclude Include="include\Engine\Engine\Graphics\Graphics.h">
      <Filter>Header Files</Filter>
    </ClInclude>
    <ClInclude Include="include\Engine\Engine\Graphics\API\GL\Engine.Graphics.API.GL.FrameBuffer.h">
      <Filter>Header Files</Filter>
    </ClInclude>
    <ClInclude Include="include\Engine\Engine\Graphics\FrameBuffer.h">
      <Filter>Header Files</Filter>
    </ClInclude>
    <ClInclude Include="include\Engine\Engine\Graphics\API\GL\Engine.Graphics.API.GL.Texture2D.h">
      <Filter>Header Files</Filter>
    </ClInclude>
    <ClInclude Include="include\Engine\Engine\Graphics\API\GL\Engine.Graphics.API.GL.Texture.h" />
    <ClInclude Include="include\Engine\Engine\Graphics\Texture.h">
      <Filter>Header Files</Filter>
    </ClInclude>
    <ClInclude Include="include\Engine\Engine\Graphics\Texture2D.h">
      <Filter>Header Files</Filter>
    </ClInclude>
    <ClInclude Include="include\Engine\Engine\Graphics\Vertex.h">
      <Filter>Header Files</Filter>
    </ClInclude>
    <ClInclude Include="include\Engine\Engine\Graphics\VertexInputLayout.h">
      <Filter>Header Files</Filter>
    </ClInclude>
    <ClInclude Include="include\Engine\Engine\Graphics\Material.h">
      <Filter>Header Files</Filter>
    </ClInclude>
    <ClInclude Include="include\Engine\Rectangle.h">
      <Filter>Header Files</Filter>
    </ClInclude>
    <ClInclude Include="include\Engine\Point.h">
      <Filter>Header Files</Filter>
    </ClInclude>
    <ClInclude Include="include\Engine\Engine\Graphics\API\GL\Engine.Graphics.API.GL.DynamicIndexBuffer.h" />
    <ClInclude Include="include\Engine\Engine\Graphics\API\GL\Engine.Graphics.API.GL.DynamicVertexBuffer.h" />
    <ClInclude Include="include\Engine\Engine\Graphics\DynamicIndexBuffer.h">
      <Filter>Header Files</Filter>
    </ClInclude>
    <ClInclude Include="include\Engine\Engine\Graphics\DynamicVertexBuffer.h">
      <Filter>Header Files</Filter>
    </ClInclude>
    <ClInclude Include="include\Engine\Engine\Graphics\Buffer.h">
      <Filter>Header Files</Filter>
    </ClInclude>
    <ClInclude Include="include\Engine\Core\DataTypes\Int32.h">
      <Filter>Header Files</Filter>
    </ClInclude>
    <ClInclude Include="include\Engine\Core\DataTypes\IntPtr.h">
      <Filter>Header Files</Filter>
    </ClInclude>
    <ClInclude Include="include\Engine\Core\DataTypes\Byte.h">
      <Filter>Header Files</Filter>
    </ClInclude>
    <ClInclude Include="include\Engine\Core\DataTypes\SByte.h">
      <Filter>Header Files</Filter>
    </ClInclude>
    <ClInclude Include="include\Engine\Core\DataTypes\Int64.h">
      <Filter>Header Files</Filter>
    </ClInclude>
    <ClInclude Include="include\Engine\Core\DataTypes\Int16.h">
      <Filter>Header Files</Filter>
    </ClInclude>
    <ClInclude Include="include\Engine\Core\DataTypes\UInt16.h">
      <Filter>Header Files</Filter>
    </ClInclude>
    <ClInclude Include="include\Engine\Core\DataTypes\UInt32.h">
      <Filter>Header Files</Filter>
    </ClInclude>
    <ClInclude Include="include\Engine\Core\DataTypes\UInt64.h">
      <Filter>Header Files</Filter>
    </ClInclude>
    <ClInclude Include="include\Engine\Core\DataTypes\UIntPtr.h">
      <Filter>Header Files</Filter>
    </ClInclude>
    <ClInclude Include="include\Engine\Core\DataTypes\Char.h">
      <Filter>Header Files</Filter>
    </ClInclude>
    <ClInclude Include="include\Engine\Core\DataTypes\VoidPtr.h">
      <Filter>Header Files</Filter>
    </ClInclude>
    <ClInclude Include="include\Engine\Core\DataTypes\DataTypes.h">
      <Filter>Header Files</Filter>
    </ClInclude>
    <ClInclude Include="include\Engine\Core\DataTypes\Boolean.h">
      <Filter>Header Files</Filter>
    </ClInclude>
    <ClInclude Include="include\Engine\Core\DataTypes\Void.h">
      <Filter>Header Files</Filter>
    </ClInclude>
    <ClInclude Include="include\Engine\Engine\Actor.h">
      <Filter>Header Files</Filter>
    </ClInclude>
    <ClInclude Include="include\Engine\Engine\Component.h">
      <Filter>Header Files</Filter>
    </ClInclude>
    <ClInclude Include="include\Engine\Engine\Graphics\Mesh.h">
      <Filter>Header Files</Filter>
    </ClInclude>
    <ClInclude Include="include\Engine\Engine\Components\Camera.h">
      <Filter>Header Files</Filter>
    </ClInclude>
    <ClInclude Include="src\Engine\Engine\Graphics\API\GL\stb_image.h">
      <Filter>Header Files</Filter>
    </ClInclude>
    <ClInclude Include="include\Engine\Engine\Graphics\Light.h">
      <Filter>Header Files</Filter>
    </ClInclude>
    <ClInclude Include="include\Engine\Engine\Graphics\DirectionalLight.h">
      <Filter>Header Files</Filter>
    </ClInclude>
    <ClInclude Include="include\Engine\Math\EulerAngleF.h">
      <Filter>Header Files</Filter>
    </ClInclude>
    <ClInclude Include="include\Engine\Engine\Components\Behavior.h">
      <Filter>Header Files</Filter>
    </ClInclude>
    <ClInclude Include="include\Engine\Engine\SceneGraph.h">
      <Filter>Header Files</Filter>
    </ClInclude>
    <ClInclude Include="include\Engine\Engine\Scene.h">
      <Filter>Header Files</Filter>
    </ClInclude>
    <ClInclude Include="include\Engine\Engine\Script.h">
      <Filter>Header Files</Filter>
    </ClInclude>
    <ClInclude Include="include\Engine\Engine\Components\Input.h">
      <Filter>Header Files</Filter>
    </ClInclude>
  </ItemGroup>
  <ItemGroup>
    <Text Include="CMakeLists.txt" />
  </ItemGroup>
  <ItemGroup>
    <None Include="README.md" />
    <None Include="CMakeSettings.json" />
    <None Include="LICENSE" />
  </ItemGroup>
</Project>